
Microsoft Visual Studio Solution File, Format Version 12.00
# Visual Studio Version 17
VisualStudioVersion = 17.6.33815.320
MinimumVisualStudioVersion = 10.0.40219.1
Project("{9A19103F-16F7-4668-BE54-9A1E7A4F7556}") = "ClubMemberShip.Repo", "ClubMemberShip.Repo\ClubMemberShip.Repo.csproj", "{957F2D8C-298F-4291-B644-8EC3DBE68B5B}"
EndProject
Project("{9A19103F-16F7-4668-BE54-9A1E7A4F7556}") = "ClubMemberShip.Web", "ClubMemberShip.Present\ClubMemberShip.Web.csproj", "{D1533B77-BB54-40F3-9CDE-67202504E1BE}"
EndProject
Project("{9A19103F-16F7-4668-BE54-9A1E7A4F7556}") = "ClubMemberShip.Service", "ClubMemberShip.Service\ClubMemberShip.Service.csproj", "{8A88272E-21C9-49A5-9D48-3BC8DF4ED7C9}"
EndProject
Project("{9A19103F-16F7-4668-BE54-9A1E7A4F7556}") = "ClubMemberShip.TestConsole", "ClubMemberShip.TestConsole\ClubMemberShip.TestConsole.csproj", "{6B3680C9-25A2-4432-9D00-E62E28335918}"
EndProject
Project("{9A19103F-16F7-4668-BE54-9A1E7A4F7556}") = "MovieManagement_TranMinhThien", "E:\solution\MovieManagement_TranMinhThien\MovieManagement_TranMinhThien.csproj", "{56B8A8D0-FA10-4487-82D2-A11817270F10}"
EndProject
Project("{FAE04EC0-301F-11D3-BF4B-00C04F79EFBC}") = "ClubMemberShip.Test", "ClubMemberShip.Test\ClubMemberShip.Test.csproj", "{6B80E537-A85D-40B2-9925-4E01F2530D81}"
EndProject
Global
	GlobalSection(SolutionConfigurationPlatforms) = preSolution
		Debug|Any CPU = Debug|Any CPU
		Release|Any CPU = Release|Any CPU
	EndGlobalSection
	GlobalSection(ProjectConfigurationPlatforms) = postSolution
		{957F2D8C-298F-4291-B644-8EC3DBE68B5B}.Debug|Any CPU.ActiveCfg = Debug|Any CPU
		{957F2D8C-298F-4291-B644-8EC3DBE68B5B}.Debug|Any CPU.Build.0 = Debug|Any CPU
		{957F2D8C-298F-4291-B644-8EC3DBE68B5B}.Release|Any CPU.ActiveCfg = Release|Any CPU
		{957F2D8C-298F-4291-B644-8EC3DBE68B5B}.Release|Any CPU.Build.0 = Release|Any CPU
		{D1533B77-BB54-40F3-9CDE-67202504E1BE}.Debug|Any CPU.ActiveCfg = Debug|Any CPU
		{D1533B77-BB54-40F3-9CDE-67202504E1BE}.Debug|Any CPU.Build.0 = Debug|Any CPU
		{D1533B77-BB54-40F3-9CDE-67202504E1BE}.Release|Any CPU.ActiveCfg = Release|Any CPU
		{D1533B77-BB54-40F3-9CDE-67202504E1BE}.Release|Any CPU.Build.0 = Release|Any CPU
		{8A88272E-21C9-49A5-9D48-3BC8DF4ED7C9}.Debug|Any CPU.ActiveCfg = Debug|Any CPU
		{8A88272E-21C9-49A5-9D48-3BC8DF4ED7C9}.Debug|Any CPU.Build.0 = Debug|Any CPU
		{8A88272E-21C9-49A5-9D48-3BC8DF4ED7C9}.Release|Any CPU.ActiveCfg = Release|Any CPU
		{8A88272E-21C9-49A5-9D48-3BC8DF4ED7C9}.Release|Any CPU.Build.0 = Release|Any CPU
		{6B3680C9-25A2-4432-9D00-E62E28335918}.Debug|Any CPU.ActiveCfg = Debug|Any CPU
		{6B3680C9-25A2-4432-9D00-E62E28335918}.Debug|Any CPU.Build.0 = Debug|Any CPU
		{6B3680C9-25A2-4432-9D00-E62E28335918}.Release|Any CPU.ActiveCfg = Release|Any CPU
		{6B3680C9-25A2-4432-9D00-E62E28335918}.Release|Any CPU.Build.0 = Release|Any CPU
		{56B8A8D0-FA10-4487-82D2-A11817270F10}.Debug|Any CPU.ActiveCfg = Debug|Any CPU
		{56B8A8D0-FA10-4487-82D2-A11817270F10}.Debug|Any CPU.Build.0 = Debug|Any CPU
		{56B8A8D0-FA10-4487-82D2-A11817270F10}.Release|Any CPU.ActiveCfg = Release|Any CPU
		{56B8A8D0-FA10-4487-82D2-A11817270F10}.Release|Any CPU.Build.0 = Release|Any CPU
		{6B80E537-A85D-40B2-9925-4E01F2530D81}.Debug|Any CPU.ActiveCfg = Debug|Any CPU
		{6B80E537-A85D-40B2-9925-4E01F2530D81}.Debug|Any CPU.Build.0 = Debug|Any CPU
		{6B80E537-A85D-40B2-9925-4E01F2530D81}.Release|Any CPU.ActiveCfg = Release|Any CPU
		{6B80E537-A85D-40B2-9925-4E01F2530D81}.Release|Any CPU.Build.0 = Release|Any CPU
	EndGlobalSection
	GlobalSection(SolutionProperties) = preSolution
		HideSolutionNode = FALSE
	EndGlobalSection
	GlobalSection(ExtensibilityGlobals) = postSolution
		SolutionGuid = {01CBBB1F-70E7-40FF-A368-C1F50F8F5A9D}
	EndGlobalSection
EndGlobal
